
Microsoft Visual Studio Solution File, Format Version 12.00
# Visual Studio Version 17
VisualStudioVersion = 17.8.34322.80
MinimumVisualStudioVersion = 10.0.40219.1
Project("{FAE04EC0-301F-11D3-BF4B-00C04F79EFBC}") = "Bank-System", "Bank-System\Bank-System.csproj", "{A7673108-F444-4661-BFE7-E3A926854F83}"
EndProject
Global
	GlobalSection(SolutionConfigurationPlatforms) = preSolution
		Debug|Any CPU = Debug|Any CPU
		Release|Any CPU = Release|Any CPU
	EndGlobalSection
	GlobalSection(ProjectConfigurationPlatforms) = postSolution
		{A7673108-F444-4661-BFE7-E3A926854F83}.Debug|Any CPU.ActiveCfg = Debug|Any CPU
		{A7673108-F444-4661-BFE7-E3A926854F83}.Debug|Any CPU.Build.0 = Debug|Any CPU
		{A7673108-F444-4661-BFE7-E3A926854F83}.Release|Any CPU.ActiveCfg = Release|Any CPU
		{A7673108-F444-4661-BFE7-E3A926854F83}.Release|Any CPU.Build.0 = Release|Any CPU
	EndGlobalSection
	GlobalSection(SolutionProperties) = preSolution
		HideSolutionNode = FALSE
	EndGlobalSection
	GlobalSection(ExtensibilityGlobals) = postSolution
		SolutionGuid = {791E2D56-BF80-4601-B1BC-F63C44D162E4}
	EndGlobalSection
EndGlobal
